
Microsoft Visual Studio Solution File, Format Version 12.00
# Visual Studio Version 16
VisualStudioVersion = 16.0.31205.134
MinimumVisualStudioVersion = 10.0.40219.1
Project("{FAE04EC0-301F-11D3-BF4B-00C04F79EFBC}") = "Shahira_12RPLD", "Shahira_12RPLD\Shahira_12RPLD.csproj", "{8C362983-D6B7-4271-8026-7CCF7FAFED0E}"
EndProject
Global
	GlobalSection(SolutionConfigurationPlatforms) = preSolution
		Debug|Any CPU = Debug|Any CPU
		Release|Any CPU = Release|Any CPU
	EndGlobalSection
	GlobalSection(ProjectConfigurationPlatforms) = postSolution
		{8C362983-D6B7-4271-8026-7CCF7FAFED0E}.Debug|Any CPU.ActiveCfg = Debug|Any CPU
		{8C362983-D6B7-4271-8026-7CCF7FAFED0E}.Debug|Any CPU.Build.0 = Debug|Any CPU
		{8C362983-D6B7-4271-8026-7CCF7FAFED0E}.Release|Any CPU.ActiveCfg = Release|Any CPU
		{8C362983-D6B7-4271-8026-7CCF7FAFED0E}.Release|Any CPU.Build.0 = Release|Any CPU
	EndGlobalSection
	GlobalSection(SolutionProperties) = preSolution
		HideSolutionNode = FALSE
	EndGlobalSection
	GlobalSection(ExtensibilityGlobals) = postSolution
		SolutionGuid = {069B8A65-28E3-4694-BA60-875B5B9A9DD8}
	EndGlobalSection
EndGlobal
